
Microsoft Visual Studio Solution File, Format Version 12.00
# Visual Studio Version 17
VisualStudioVersion = 17.8.34309.116
MinimumVisualStudioVersion = 10.0.40219.1
Project("{FAE04EC0-301F-11D3-BF4B-00C04F79EFBC}") = "GuessNumberSolid", "GuessNumberSolid\GuessNumberSolid.csproj", "{73140024-51D3-4C39-A55A-AD021BA9AB65}"
EndProject
Project("{FAE04EC0-301F-11D3-BF4B-00C04F79EFBC}") = "GuessNumberSolid.BLL", "GuessNumberSolid.BLL\GuessNumberSolid.BLL.csproj", "{4412B462-C2FA-4351-8FCB-EF554CEA222A}"
EndProject
Global
	GlobalSection(SolutionConfigurationPlatforms) = preSolution
		Debug|Any CPU = Debug|Any CPU
		Release|Any CPU = Release|Any CPU
	EndGlobalSection
	GlobalSection(ProjectConfigurationPlatforms) = postSolution
		{73140024-51D3-4C39-A55A-AD021BA9AB65}.Debug|Any CPU.ActiveCfg = Debug|Any CPU
		{73140024-51D3-4C39-A55A-AD021BA9AB65}.Debug|Any CPU.Build.0 = Debug|Any CPU
		{73140024-51D3-4C39-A55A-AD021BA9AB65}.Release|Any CPU.ActiveCfg = Release|Any CPU
		{73140024-51D3-4C39-A55A-AD021BA9AB65}.Release|Any CPU.Build.0 = Release|Any CPU
		{4412B462-C2FA-4351-8FCB-EF554CEA222A}.Debug|Any CPU.ActiveCfg = Debug|Any CPU
		{4412B462-C2FA-4351-8FCB-EF554CEA222A}.Debug|Any CPU.Build.0 = Debug|Any CPU
		{4412B462-C2FA-4351-8FCB-EF554CEA222A}.Release|Any CPU.ActiveCfg = Release|Any CPU
		{4412B462-C2FA-4351-8FCB-EF554CEA222A}.Release|Any CPU.Build.0 = Release|Any CPU
	EndGlobalSection
	GlobalSection(SolutionProperties) = preSolution
		HideSolutionNode = FALSE
	EndGlobalSection
	GlobalSection(ExtensibilityGlobals) = postSolution
		SolutionGuid = {CAE4EFF3-6F4B-4C23-9BE0-050174FEEE6D}
	EndGlobalSection
EndGlobal
